
Microsoft Visual Studio Solution File, Format Version 12.00
# Visual Studio Version 17
VisualStudioVersion = 17.0.31903.59
MinimumVisualStudioVersion = 10.0.40219.1
Project("{FAE04EC0-301F-11D3-BF4B-00C04F79EFBC}") = "cloth_sim_textual", "cloth_sim_textual\cloth_sim_textual.csproj", "{BDE61908-871F-4F22-8A2A-FAF4DC64B9E2}"
EndProject
Global
	GlobalSection(SolutionConfigurationPlatforms) = preSolution
		Debug|Any CPU = Debug|Any CPU
		Release|Any CPU = Release|Any CPU
	EndGlobalSection
	GlobalSection(SolutionProperties) = preSolution
		HideSolutionNode = FALSE
	EndGlobalSection
	GlobalSection(ProjectConfigurationPlatforms) = postSolution
		{BDE61908-871F-4F22-8A2A-FAF4DC64B9E2}.Debug|Any CPU.ActiveCfg = Debug|Any CPU
		{BDE61908-871F-4F22-8A2A-FAF4DC64B9E2}.Debug|Any CPU.Build.0 = Debug|Any CPU
		{BDE61908-871F-4F22-8A2A-FAF4DC64B9E2}.Release|Any CPU.ActiveCfg = Release|Any CPU
		{BDE61908-871F-4F22-8A2A-FAF4DC64B9E2}.Release|Any CPU.Build.0 = Release|Any CPU
	EndGlobalSection
EndGlobal
